// !$*UTF8*$!
{
	archiveVersion = 1;
	classes = {
	};
	objectVersion = 46;
	objects = {

/* Begin PBXBuildFile section */
		16A624881C905A2100328E99 /* main.m in Sources */ = {isa = PBXBuildFile; fileRef = 16A624871C905A2100328E99 /* main.m */; };
		16A6248B1C905A2100328E99 /* AppDelegate.m in Sources */ = {isa = PBXBuildFile; fileRef = 16A6248A1C905A2100328E99 /* AppDelegate.m */; };
		16A6248E1C905A2100328E99 /* ViewController.m in Sources */ = {isa = PBXBuildFile; fileRef = 16A6248D1C905A2100328E99 /* ViewController.m */; };
		16A624911C905A2100328E99 /* Main.storyboard in Resources */ = {isa = PBXBuildFile; fileRef = 16A6248F1C905A2100328E99 /* Main.storyboard */; };
		16A624931C905A2100328E99 /* Assets.xcassets in Resources */ = {isa = PBXBuildFile; fileRef = 16A624921C905A2100328E99 /* Assets.xcassets */; };
		16A624961C905A2100328E99 /* LaunchScreen.storyboard in Resources */ = {isa = PBXBuildFile; fileRef = 16A624941C905A2100328E99 /* LaunchScreen.storyboard */; };
/* End PBXBuildFile section */

/* Begin PBXFileReference section */
		16A624831C905A2000328E99 /* TutorialsApp.app */ = {isa = PBXFileReference; explicitFileType = wrapper.application; includeInIndex = 0; path = TutorialsApp.app; sourceTree = BUILT_PRODUCTS_DIR; };
		16A624871C905A2100328E99 /* main.m */ = {isa = PBXFileReference; lastKnownFileType = sourcecode.c.objc; path = main.m; sourceTree = "<group>"; };
		16A624891C905A2100328E99 /* AppDelegate.h */ = {isa = PBXFileReference; lastKnownFileType = sourcecode.c.h; path = AppDelegate.h; sourceTree = "<group>"; };
		16A6248A1C905A2100328E99 /* AppDelegate.m */ = {isa = PBXFileReference; lastKnownFileType = sourcecode.c.objc; path = AppDelegate.m; sourceTree = "<group>"; };
		16A6248C1C905A2100328E99 /* ViewController.h */ = {isa = PBXFileReference; lastKnownFileType = sourcecode.c.h; path = ViewController.h; sourceTree = "<group>"; };
		16A6248D1C905A2100328E99 /* ViewController.m */ = {isa = PBXFileReference; lastKnownFileType = sourcecode.c.objc; path = ViewController.m; sourceTree = "<group>"; };
		16A624901C905A2100328E99 /* Base */ = {isa = PBXFileReference; lastKnownFileType = file.storyboard; name = Base; path = Base.lproj/Main.storyboard; sourceTree = "<group>"; };
		16A624921C905A2100328E99 /* Assets.xcassets */ = {isa = PBXFileReference; lastKnownFileType = folder.assetcatalog; path = Assets.xcassets; sourceTree = "<group>"; };
		16A624951C905A2100328E99 /* Base */ = {isa = PBXFileReference; lastKnownFileType = file.storyboard; name = Base; path = Base.lproj/LaunchScreen.storyboard; sourceTree = "<group>"; };
		16A624971C905A2100328E99 /* Info.plist */ = {isa = PBXFileReference; lastKnownFileType = text.plist.xml; path = Info.plist; sourceTree = "<group>"; };
/* End PBXFileReference section */

/* Begin PBXFrameworksBuildPhase section */
		16A624801C905A2000328E99 /* Frameworks */ = {
			isa = PBXFrameworksBuildPhase;
			buildActionMask = 2147483647;
			files = (
			);
			runOnlyForDeploymentPostprocessing = 0;
		};
/* End PBXFrameworksBuildPhase section */

/* Begin PBXGroup section */
		16A6247A1C905A2000328E99 = {
			isa = PBXGroup;
			children = (
				16A624851C905A2000328E99 /* TutorialsApp */,
				16A624841C905A2000328E99 /* Products */,
			);
			sourceTree = "<group>";
		};
		16A624841C905A2000328E99 /* Products */ = {
			isa = PBXGroup;
			children = (
				16A624831C905A2000328E99 /* TutorialsApp.app */,
			);
			name = Products;
			sourceTree = "<group>";
		};
		16A624851C905A2000328E99 /* TutorialsApp */ = {
			isa = PBXGroup;
			children = (
				16A624891C905A2100328E99 /* AppDelegate.h */,
				16A6248A1C905A2100328E99 /* AppDelegate.m */,
				16A6248C1C905A2100328E99 /* ViewController.h */,
				16A6248D1C905A2100328E99 /* ViewController.m */,
				16A6248F1C905A2100328E99 /* Main.storyboard */,
				16A624921C905A2100328E99 /* Assets.xcassets */,
				16A624941C905A2100328E99 /* LaunchScreen.storyboard */,
				16A624971C905A2100328E99 /* Info.plist */,
				16A624861C905A2100328E99 /* Supporting Files */,
			);
			path = TutorialsApp;
			sourceTree = "<group>";
		};
		16A624861C905A2100328E99 /* Supporting Files */ = {
			isa = PBXGroup;
			children = (
				16A624871C905A2100328E99 /* main.m */,
			);
			name = "Supporting Files";
			sourceTree = "<group>";
		};
/* End PBXGroup section */

/* Begin PBXNativeTarget section */
		16A624821C905A2000328E99 /* TutorialsApp */ = {
			isa = PBXNativeTarget;
			buildConfigurationList = 16A6249A1C905A2100328E99 /* Build configuration list for PBXNativeTarget "TutorialsApp" */;
			buildPhases = (
				16A6247F1C905A2000328E99 /* Sources */,
				16A624801C905A2000328E99 /* Frameworks */,
				16A624811C905A2000328E99 /* Resources */,
			);
			buildRules = (
			);
			dependencies = (
			);
			name = TutorialsApp;
			productName = TutorialsApp;
			productReference = 16A624831C905A2000328E99 /* TutorialsApp.app */;
			productType = "com.apple.product-type.application";
		};
/* End PBXNativeTarget section */

/* Begin PBXProject section */
		16A6247B1C905A2000328E99 /* Project object */ = {
			isa = PBXProject;
			attributes = {
				LastUpgradeCheck = 0720;
				ORGANIZATIONNAME = "Desmond Dai";
				TargetAttributes = {
					16A624821C905A2000328E99 = {
						CreatedOnToolsVersion = 7.2.1;
					};
				};
			};
			buildConfigurationList = 16A6247E1C905A2000328E99 /* Build configuration list for PBXProject "TutorialsApp" */;
			compatibilityVersion = "Xcode 3.2";
			developmentRegion = English;
			hasScannedForEncodings = 0;
			knownRegions = (
				en,
				Base,
			);
			mainGroup = 16A6247A1C905A2000328E99;
			productRefGroup = 16A624841C905A2000328E99 /* Products */;
			projectDirPath = "";
			projectRoot = "";
			targets = (
				16A624821C905A2000328E99 /* TutorialsApp */,
			);
		};
/* End PBXProject section */

/* Begin PBXResourcesBuildPhase section */
		16A624811C905A2000328E99 /* Resources */ = {
			isa = PBXResourcesBuildPhase;
			buildActionMask = 2147483647;
			files = (
				16A624961C905A2100328E99 /* LaunchScreen.storyboard in Resources */,
				16A624931C905A2100328E99 /* Assets.xcassets in Resources */,
				16A624911C905A2100328E99 /* Main.storyboard in Resources */,
			);
			runOnlyForDeploymentPostprocessing = 0;
		};
/* End PBXResourcesBuildPhase section */

/* Begin PBXSourcesBuildPhase section */
		16A6247F1C905A2000328E99 /* Sources */ = {
			isa = PBXSourcesBuildPhase;
			buildActionMask = 2147483647;
			files = (
				16A6248E1C905A2100328E99 /* ViewController.m in Sources */,
				16A6248B1C905A2100328E99 /* AppDelegate.m in Sources */,
				16A624881C905A2100328E99 /* main.m in Sources */,
			);
			runOnlyForDeploymentPostprocessing = 0;
		};
/* End PBXSourcesBuildPhase section */

/* Begin PBXVariantGroup section */
		16A6248F1C905A2100328E99 /* Main.storyboard */ = {
			isa = PBXVariantGroup;
			children = (
				16A624901C905A2100328E99 /* Base */,
			);
			name = Main.storyboard;
			sourceTree = "<group>";
		};
		16A624941C905A2100328E99 /* LaunchScreen.storyboard */ = {
			isa = PBXVariantGroup;
			children = (
				16A624951C905A2100328E99 /* Base */,
			);
			name = LaunchScreen.storyboard;
			sourceTree = "<group>";
		};
/* End PBXVariantGroup section */

/* Begin XCBuildConfiguration section */
		16A624981C905A2100328E99 /* Debug */ = {
			isa = XCBuildConfiguration;
			buildSettings = {
				ALWAYS_SEARCH_USER_PATHS = NO;
				CLANG_CXX_LANGUAGE_STANDARD = "gnu++0x";
				CLANG_CXX_LIBRARY = "libc++";
				CLANG_ENABLE_MODULES = YES;
				CLANG_ENABLE_OBJC_ARC = YES;
				CLANG_WARN_BOOL_CONVERSION = YES;
				CLANG_WARN_CONSTANT_CONVERSION = YES;
				CLANG_WARN_DIRECT_OBJC_ISA_USAGE = YES_ERROR;
				CLANG_WARN_EMPTY_BODY = YES;
				CLANG_WARN_ENUM_CONVERSION = YES;
				CLANG_WARN_INT_CONVERSION = YES;
				CLANG_WARN_OBJC_ROOT_CLASS = YES_ERROR;
				CLANG_WARN_UNREACHABLE_CODE = YES;
				CLANG_WARN__DUPLICATE_METHOD_MATCH = YES;
				"CODE_SIGN_IDENTITY[sdk=iphoneos*]" = "iPhone Developer";
				COPY_PHASE_STRIP = NO;
				DEBUG_INFORMATION_FORMAT = dwarf;
				ENABLE_STRICT_OBJC_MSGSEND = YES;
				ENABLE_TESTABILITY = YES;
				GCC_C_LANGUAGE_STANDARD = gnu99;
				GCC_DYNAMIC_NO_PIC = NO;
				GCC_NO_COMMON_BLOCKS = YES;
				GCC_OPTIMIZATION_LEVEL = 0;
				GCC_PREPROCESSOR_DEFINITIONS = (
					"DEBUG=1",
					"$(inherited)",
				);
				GCC_WARN_64_TO_32_BIT_CONVERSION = YES;
				GCC_WARN_ABOUT_RETURN_TYPE = YES_ERROR;
				GCC_WARN_UNDECLARED_SELECTOR = YES;
				GCC_WARN_UNINITIALIZED_AUTOS = YES_AGGRESSIVE;
				GCC_WARN_UNUSED_FUNCTION = YES;
				GCC_WARN_UNUSED_VARIABLE = YES;
				IPHONEOS_DEPLOYMENT_TARGET = 9.2;
				MTL_ENABLE_DEBUG_INFO = YES;
				ONLY_ACTIVE_ARCH = YES;
				SDKROOT = iphoneos;
				TARGETED_DEVICE_FAMILY = "1,2";
			};
			name = Debug;
		};
		16A624991C905A2100328E99 /* Release */ = {
			isa = XCBuildConfiguration;
			buildSettings = {
				ALWAYS_SEARCH_USER_PATHS = NO;
				CLANG_CXX_LANGUAGE_STANDARD = "gnu++0x";
				CLANG_CXX_LIBRARY = "libc++";
				CLANG_ENABLE_MODULES = YES;
				CLANG_ENABLE_OBJC_ARC = YES;
				CLANG_WARN_BOOL_CONVERSION = YES;
				CLANG_WARN_CONSTANT_CONVERSION = YES;
				CLANG_WARN_DIRECT_OBJC_ISA_USAGE = YES_ERROR;
				CLANG_WARN_EMPTY_BODY = YES;
				CLANG_WARN_ENUM_CONVERSION = YES;
				CLANG_WARN_INT_CONVERSION = YES;
				CLANG_WARN_OBJC_ROOT_CLASS = YES_ERROR;
				CLANG_WARN_UNREACHABLE_CODE = YES;
				CLANG_WARN__DUPLICATE_METHOD_MATCH = YES;
				"CODE_SIGN_IDENTITY[sdk=iphoneos*]" = "iPhone Developer";
				COPY_PHASE_STRIP = NO;
				DEBUG_INFORMATION_FORMAT = "dwarf-with-dsym";
				ENABLE_NS_ASSERTIONS = NO;
				ENABLE_STRICT_OBJC_MSGSEND = YES;
				GCC_C_LANGUAGE_STANDARD = gnu99;
				GCC_NO_COMMON_BLOCKS = YES;
				GCC_WARN_64_TO_32_BIT_CONVERSION = YES;
				GCC_WARN_ABOUT_RETURN_TYPE = YES_ERROR;
				GCC_WARN_UNDECLARED_SELECTOR = YES;
				GCC_WARN_UNINITIALIZED_AUTOS = YES_AGGRESSIVE;
				GCC_WARN_UNUSED_FUNCTION = YES;
				GCC_WARN_UNUSED_VARIABLE = YES;
				IPHONEOS_DEPLOYMENT_TARGET = 9.2;
				MTL_ENABLE_DEBUG_INFO = NO;
				SDKROOT = iphoneos;
				TARGETED_DEVICE_FAMILY = "1,2";
				VALIDATE_PRODUCT = YES;
			};
			name = Release;
		};
		16A6249B1C905A2100328E99 /* Debug */ = {
			isa = XCBuildConfiguration;
			buildSettings = {
				ASSETCATALOG_COMPILER_APPICON_NAME = AppIcon;
				INFOPLIST_FILE = TutorialsApp/Info.plist;
				LD_RUNPATH_SEARCH_PATHS = "$(inherited) @executable_path/Frameworks";
				PRODUCT_BUNDLE_IDENTIFIER = com.desmonddai.TutorialsApp;
				PRODUCT_NAME = "$(TARGET_NAME)";
			};
			name = Debug;
		};
		16A6249C1C905A2100328E99 /* Release */ = {
			isa = XCBuildConfiguration;
			buildSettings = {
				ASSETCATALOG_COMPILER_APPICON_NAME = AppIcon;
				INFOPLIST_FILE = TutorialsApp/Info.plist;
				LD_RUNPATH_SEARCH_PATHS = "$(inherited) @executable_path/Frameworks";
				PRODUCT_BUNDLE_IDENTIFIER = com.desmonddai.TutorialsApp;
				PRODUCT_NAME = "$(TARGET_NAME)";
			};
			name = Release;
		};
/* End XCBuildConfiguration section */

/* Begin XCConfigurationList section */
		16A6247E1C905A2000328E99 /* Build configuration list for PBXProject "TutorialsApp" */ = {
			isa = XCConfigurationList;
			buildConfigurations = (
				16A624981C905A2100328E99 /* Debug */,
				16A624991C905A2100328E99 /* Release */,
			);
			defaultConfigurationIsVisible = 0;
			defaultConfigurationName = Release;
		};
		16A6249A1C905A2100328E99 /* Build configuration list for PBXNativeTarget "TutorialsApp" */ = {
			isa = XCConfigurationList;
			buildConfigurations = (
				16A6249B1C905A2100328E99 /* Debug */,
				16A6249C1C905A2100328E99 /* Release */,
			);
			defaultConfigurationIsVisible = 0;
		};
/* End XCConfigurationList section */
	};
	rootObject = 16A6247B1C905A2000328E99 /* Project object */;
}
